
Microsoft Visual Studio Solution File, Format Version 12.00
# Visual Studio Version 17
VisualStudioVersion = 17.1.32228.430
MinimumVisualStudioVersion = 10.0.40219.1
Project("{9A19103F-16F7-4668-BE54-9A1E7A4F7556}") = "AviaTickets", "AviaTickets.csproj", "{B592D73E-C2A5-46B0-BEE9-12B827F72760}"
EndProject
Project("{9A19103F-16F7-4668-BE54-9A1E7A4F7556}") = "AppTest", "..\AppTest\AppTest.csproj", "{F432B46D-EDC3-49E9-922C-7F8B0566BA86}"
EndProject
Project("{FAE04EC0-301F-11D3-BF4B-00C04F79EFBC}") = "Scheduler", "..\Scheduler\Scheduler.csproj", "{9BED2F51-4B17-4767-89DE-397E9097C8EF}"
EndProject
Global
	GlobalSection(SolutionConfigurationPlatforms) = preSolution
		Debug|Any CPU = Debug|Any CPU
		Release|Any CPU = Release|Any CPU
	EndGlobalSection
	GlobalSection(ProjectConfigurationPlatforms) = postSolution
		{B592D73E-C2A5-46B0-BEE9-12B827F72760}.Debug|Any CPU.ActiveCfg = Debug|Any CPU
		{B592D73E-C2A5-46B0-BEE9-12B827F72760}.Debug|Any CPU.Build.0 = Debug|Any CPU
		{B592D73E-C2A5-46B0-BEE9-12B827F72760}.Release|Any CPU.ActiveCfg = Release|Any CPU
		{B592D73E-C2A5-46B0-BEE9-12B827F72760}.Release|Any CPU.Build.0 = Release|Any CPU
		{F432B46D-EDC3-49E9-922C-7F8B0566BA86}.Debug|Any CPU.ActiveCfg = Debug|Any CPU
		{F432B46D-EDC3-49E9-922C-7F8B0566BA86}.Debug|Any CPU.Build.0 = Debug|Any CPU
		{F432B46D-EDC3-49E9-922C-7F8B0566BA86}.Release|Any CPU.ActiveCfg = Release|Any CPU
		{F432B46D-EDC3-49E9-922C-7F8B0566BA86}.Release|Any CPU.Build.0 = Release|Any CPU
		{9BED2F51-4B17-4767-89DE-397E9097C8EF}.Debug|Any CPU.ActiveCfg = Debug|Any CPU
		{9BED2F51-4B17-4767-89DE-397E9097C8EF}.Debug|Any CPU.Build.0 = Debug|Any CPU
		{9BED2F51-4B17-4767-89DE-397E9097C8EF}.Release|Any CPU.ActiveCfg = Release|Any CPU
		{9BED2F51-4B17-4767-89DE-397E9097C8EF}.Release|Any CPU.Build.0 = Release|Any CPU
	EndGlobalSection
	GlobalSection(SolutionProperties) = preSolution
		HideSolutionNode = FALSE
	EndGlobalSection
	GlobalSection(ExtensibilityGlobals) = postSolution
		SolutionGuid = {51AE3F46-5A22-44C5-B0E7-E4BA579C07E1}
	EndGlobalSection
EndGlobal
